
Microsoft Visual Studio Solution File, Format Version 12.00
# Visual Studio Version 17
VisualStudioVersion = 17.5.33414.496
MinimumVisualStudioVersion = 10.0.40219.1
Project("{FAE04EC0-301F-11D3-BF4B-00C04F79EFBC}") = "WebAPI", "WebAPI.csproj", "{D17851D9-A10B-4FCB-9263-8CAE433EBB14}"
EndProject
Global
	GlobalSection(SolutionConfigurationPlatforms) = preSolution
		Debug|Any CPU = Debug|Any CPU
		Release|Any CPU = Release|Any CPU
	EndGlobalSection
	GlobalSection(ProjectConfigurationPlatforms) = postSolution
		{D17851D9-A10B-4FCB-9263-8CAE433EBB14}.Debug|Any CPU.ActiveCfg = Debug|Any CPU
		{D17851D9-A10B-4FCB-9263-8CAE433EBB14}.Debug|Any CPU.Build.0 = Debug|Any CPU
		{D17851D9-A10B-4FCB-9263-8CAE433EBB14}.Release|Any CPU.ActiveCfg = Release|Any CPU
		{D17851D9-A10B-4FCB-9263-8CAE433EBB14}.Release|Any CPU.Build.0 = Release|Any CPU
	EndGlobalSection
	GlobalSection(SolutionProperties) = preSolution
		HideSolutionNode = FALSE
	EndGlobalSection
	GlobalSection(ExtensibilityGlobals) = postSolution
		SolutionGuid = {DEB2B3E3-C5A9-41FD-B5BF-383FD3BB02B5}
	EndGlobalSection
EndGlobal
